
Microsoft Visual Studio Solution File, Format Version 12.00
# Visual Studio 15
VisualStudioVersion = 15.0.27428.2002
MinimumVisualStudioVersion = 10.0.40219.1
Project("{FAE04EC0-301F-11D3-BF4B-00C04F79EFBC}") = "Basics", "Basics\Basics.csproj", "{4424DC03-3D48-416D-AEF0-AF9D18675DAA}"
EndProject
Global
	GlobalSection(SolutionConfigurationPlatforms) = preSolution
		Debug|Any CPU = Debug|Any CPU
		Release|Any CPU = Release|Any CPU
	EndGlobalSection
	GlobalSection(ProjectConfigurationPlatforms) = postSolution
		{4424DC03-3D48-416D-AEF0-AF9D18675DAA}.Debug|Any CPU.ActiveCfg = Debug|Any CPU
		{4424DC03-3D48-416D-AEF0-AF9D18675DAA}.Debug|Any CPU.Build.0 = Debug|Any CPU
		{4424DC03-3D48-416D-AEF0-AF9D18675DAA}.Release|Any CPU.ActiveCfg = Release|Any CPU
		{4424DC03-3D48-416D-AEF0-AF9D18675DAA}.Release|Any CPU.Build.0 = Release|Any CPU
	EndGlobalSection
	GlobalSection(SolutionProperties) = preSolution
		HideSolutionNode = FALSE
	EndGlobalSection
	GlobalSection(ExtensibilityGlobals) = postSolution
		SolutionGuid = {1C6A256F-115A-453F-8561-12553DB99A8D}
	EndGlobalSection
EndGlobal
